[[package]]
name = "colorama"
version = "0.4.6"
description = "Cross-platform colored terminal text."
category = "main"
optional = false
python-versions = "!=3.0.*,!=3.1.*,!=3.2.*,!=3.3.*,!=3.4.*,!=3.5.*,!=3.6.*,>=2.7"

[[package]]
name = "dill"
version = "0.3.7"
description = "serialize all of Python"
category = "main"
optional = false
python-versions = ">=3.7"

[package.extras]
graph = ["objgraph (>=1.7.2)"]

[[package]]
name = "imageio"
version = "2.33.1"
description = "Library for reading and writing a wide range of image, video, scientific, and volumetric data formats."
category = "main"
optional = false
python-versions = ">=3.8"

[package.dependencies]
numpy = "*"
pillow = ">=8.3.2"

[package.extras]
all-plugins = ["astropy", "av", "imageio-ffmpeg", "pillow-heif", "psutil", "tifffile"]
all-plugins-pypy = ["av", "imageio-ffmpeg", "pillow-heif", "psutil", "tifffile"]
build = ["wheel"]
dev = ["black", "flake8", "fsspec", "pytest", "pytest-cov"]
docs = ["numpydoc", "pydata-sphinx-theme", "sphinx (<6)"]
ffmpeg = ["imageio-ffmpeg", "psutil"]
fits = ["astropy"]
full = ["astropy", "av", "black", "flake8", "fsspec", "gdal", "imageio-ffmpeg", "itk", "numpydoc", "pillow-heif", "psutil", "pydata-sphinx-theme", "pytest", "pytest-cov", "sphinx (<6)", "tifffile", "wheel"]
gdal = ["gdal"]
itk = ["itk"]
linting = ["black", "flake8"]
pillow-heif = ["pillow-heif"]
pyav = ["av"]
test = ["fsspec", "pytest", "pytest-cov"]
tifffile = ["tifffile"]

[[package]]
name = "markdown-it-py"
version = "3.0.0"
description = "Python port of markdown-it. Markdown parsing, done right!"
category = "main"
optional = false
python-versions = ">=3.8"

[package.dependencies]
mdurl = ">=0.1,<1.0"

[package.extras]
benchmarking = ["psutil", "pytest", "pytest-benchmark"]
code_style = ["pre-commit (>=3.0,<4.0)"]
compare = ["commonmark (>=0.9,<1.0)", "markdown (>=3.4,<4.0)", "mistletoe (>=1.0,<2.0)", "mistune (>=2.0,<3.0)", "panflute (>=2.3,<3.0)"]
linkify = ["linkify-it-py (>=1,<3)"]
plugins = ["mdit-py-plugins"]
profiling = ["gprof2dot"]
rtd = ["jupyter-sphinx", "mdit-py-plugins", "myst-parser", "pyyaml", "sphinx", "sphinx-book-theme", "sphinx-copybutton", "sphinx-design"]
testing = ["coverage", "pytest", "pytest-cov", "pytest-regressions"]

[[package]]
name = "mdurl"
version = "0.1.2"
description = "Markdown URL utilities"
category = "main"
optional = false
python-versions = ">=3.7"

[[package]]
name = "numpy"
version = "1.26.2"
description = "Fundamental package for array computing in Python"
category = "main"
optional = false
python-versions = ">=3.9"

[[package]]
name = "pillow"
version = "10.1.0"
description = "Python Imaging Library (Fork)"
category = "main"
optional = false
python-versions = ">=3.8"

[package.extras]
docs = ["furo", "olefile", "sphinx (>=2.4)", "sphinx-copybutton", "sphinx-inline-tabs", "sphinx-removed-in", "sphinxext-opengraph"]
tests = ["check-manifest", "coverage", "defusedxml", "markdown2", "olefile", "packaging", "pyroma", "pytest", "pytest-cov", "pytest-timeout"]

[[package]]
name = "plyfile"
version = "1.0.2"
description = "PLY file reader/writer"
category = "main"
optional = false
python-versions = ">=3.8"

[package.dependencies]
numpy = ">=1.17"

[[package]]
name = "pygments"
version = "2.17.2"
description = "Pygments is a syntax highlighting package written in Python."
category = "main"
optional = false
python-versions = ">=3.7"

[package.extras]
plugins = ["importlib-metadata"]
windows-terminal = ["colorama (>=0.4.6)"]

[[package]]
name = "rich"
version = "13.7.0"
description = "Render rich text, tables, progress bars, syntax highlighting, markdown and more to the terminal"
category = "main"
optional = false
python-versions = ">=3.7.0"

[package.dependencies]
markdown-it-py = ">=2.2.0"
pygments = ">=2.13.0,<3.0.0"

[package.extras]
jupyter = ["ipywidgets (>=7.5.1,<9)"]

[[package]]
name = "sourceinspect"
version = "0.0.4"
description = "A unified inspector for retriving source from Python objects"
category = "main"
optional = false
python-versions = ">=3.6"

[package.dependencies]
dill = "*"

[[package]]
name = "taichi"
version = "1.1.0"
description = "The Taichi Programming Language"
category = "main"
optional = false
python-versions = ">=3.6,<3.11"

[package.dependencies]
colorama = "*"
numpy = "*"
rich = "*"
sourceinspect = ">=0.0.4"

[metadata]
lock-version = "1.1"
python-versions = ">=3.9,<3.11"
content-hash = "16a6617c11e48e63da0c55facad5ebffd11b1512472bf5e01782b3e2408c027b"

[metadata.files]
colorama = [
    {file = "colorama-0.4.6-py2.py3-none-any.whl", hash = "sha256:4f1d9991f5acc0ca119f9d443620b77f9d6b33703e51011c16baf57afb285fc6"},
    {file = "colorama-0.4.6.tar.gz", hash = "sha256:08695f5cb7ed6e0531a20572697297273c47b8cae5a63ffc6d6ed5c201be6e44"},
]
dill = [
    {file = "dill-0.3.7-py3-none-any.whl", hash = "sha256:76b122c08ef4ce2eedcd4d1abd8e641114bfc6c2867f49f3c41facf65bf19f5e"},
    {file = "dill-0.3.7.tar.gz", hash = "sha256:cc1c8b182eb3013e24bd475ff2e9295af86c1a38eb1aff128dac8962a9ce3c03"},
]
imageio = [
    {file = "imageio-2.33.1-py3-none-any.whl", hash = "sha256:c5094c48ccf6b2e6da8b4061cd95e1209380afafcbeae4a4e280938cce227e1d"},
    {file = "imageio-2.33.1.tar.gz", hash = "sha256:78722d40b137bd98f5ec7312119f8aea9ad2049f76f434748eb306b6937cc1ce"},
]
markdown-it-py = [
    {file = "markdown-it-py-3.0.0.tar.gz", hash = "sha256:e3f60a94fa066dc52ec76661e37c851cb232d92f9886b15cb560aaada2df8feb"},
    {file = "markdown_it_py-3.0.0-py3-none-any.whl", hash = "sha256:355216845c60bd96232cd8d8c40e8f9765cc86f46880e43a8fd22dc1a1a8cab1"},
]
mdurl = [
    {file = "mdurl-0.1.2-py3-none-any.whl", hash = "sha256:84008a41e51615a49fc9966191ff91509e3c40b939176e643fd50a5c2196b8f8"},
    {file = "mdurl-0.1.2.tar.gz", hash = "sha256:bb413d29f5eea38f31dd4754dd7377d4465116fb207585f97bf925588687c1ba"},
]
numpy = [
    {file = "numpy-1.26.2-cp310-cp310-macosx_10_9_x86_64.whl", hash = "sha256:3703fc9258a4a122d17043e57b35e5ef1c5a5837c3db8be396c82e04c1cf9b0f"},
    {file = "numpy-1.26.2-cp310-cp310-macosx_11_0_arm64.whl", hash = "sha256:cc392fdcbd21d4be6ae1bb4475a03ce3b025cd49a9be5345d76d7585aea69440"},
    {file = "numpy-1.26.2-cp310-cp310-manylinux_2_17_aarch64.manylinux2014_aarch64.whl", hash = "sha256:36340109af8da8805d8851ef1d74761b3b88e81a9bd80b290bbfed61bd2b4f75"},
    {file = "numpy-1.26.2-cp310-cp310-manylinux_2_17_x86_64.manylinux2014_x86_64.whl", hash = "sha256:bcc008217145b3d77abd3e4d5ef586e3bdfba8fe17940769f8aa09b99e856c00"},
    {file = "numpy-1.26.2-cp310-cp310-musllinux_1_1_aarch64.whl", hash = "sha256:3ced40d4e9e18242f70dd02d739e44698df3dcb010d31f495ff00a31ef6014fe"},
    {file = "numpy-1.26.2-cp310-cp310-musllinux_1_1_x86_64.whl", hash = "sha256:b272d4cecc32c9e19911891446b72e986157e6a1809b7b56518b4f3755267523"},
    {file = "numpy-1.26.2-cp310-cp310-win32.whl", hash = "sha256:22f8fc02fdbc829e7a8c578dd8d2e15a9074b630d4da29cda483337e300e3ee9"},
    {file = "numpy-1.26.2-cp310-cp310-win_amd64.whl", hash = "sha256:26c9d33f8e8b846d5a65dd068c14e04018d05533b348d9eaeef6c1bd787f9919"},
    {file = "numpy-1.26.2-cp311-cp311-macosx_10_9_x86_64.whl", hash = "sha256:b96e7b9c624ef3ae2ae0e04fa9b460f6b9f17ad8b4bec6d7756510f1f6c0c841"},
    {file = "numpy-1.26.2-cp311-cp311-macosx_11_0_arm64.whl", hash = "sha256:aa18428111fb9a591d7a9cc1b48150097ba6a7e8299fb56bdf574df650e7d1f1"},
    {file = "numpy-1.26.2-cp311-cp311-manylinux_2_17_aarch64.manylinux2014_aarch64.whl", hash = "sha256:06fa1ed84aa60ea6ef9f91ba57b5ed963c3729534e6e54055fc151fad0423f0a"},
    {file = "numpy-1.26.2-cp311-cp311-manylinux_2_17_x86_64.manylinux2014_x86_64.whl", hash = "sha256:96ca5482c3dbdd051bcd1fce8034603d6ebfc125a7bd59f55b40d8f5d246832b"},
    {file = "numpy-1.26.2-cp311-cp311-musllinux_1_1_aarch64.whl", hash = "sha256:854ab91a2906ef29dc3925a064fcd365c7b4da743f84b123002f6139bcb3f8a7"},
    {file = "numpy-1.26.2-cp311-cp311-musllinux_1_1_x86_64.whl", hash = "sha256:f43740ab089277d403aa07567be138fc2a89d4d9892d113b76153e0e412409f8"},
    {file = "numpy-1.26.2-cp311-cp311-win32.whl", hash = "sha256:a2bbc29fcb1771cd7b7425f98b05307776a6baf43035d3b80c4b0f29e9545186"},
    {file = "numpy-1.26.2-cp311-cp311-win_amd64.whl", hash = "sha256:2b3fca8a5b00184828d12b073af4d0fc5fdd94b1632c2477526f6bd7842d700d"},
    {file = "numpy-1.26.2-cp312-cp312-macosx_10_9_x86_64.whl", hash = "sha256:a4cd6ed4a339c21f1d1b0fdf13426cb3b284555c27ac2f156dfdaaa7e16bfab0"},
    {file = "numpy-1.26.2-cp312-cp312-macosx_11_0_arm64.whl", hash = "sha256:5d5244aabd6ed7f312268b9247be47343a654ebea52a60f002dc70c769048e75"},
    {file = "numpy-1.26.2-cp312-cp312-manylinux_2_17_aarch64.manylinux2014_aarch64.whl", hash = "sha256:6a3cdb4d9c70e6b8c0814239ead47da00934666f668426fc6e94cce869e13fd7"},
    {file = "numpy-1.26.2-cp312-cp312-manylinux_2_17_x86_64.manylinux2014_x86_64.whl", hash = "sha256:aa317b2325f7aa0a9471663e6093c210cb2ae9c0ad824732b307d2c51983d5b6"},
    {file = "numpy-1.26.2-cp312-cp312-musllinux_1_1_aarch64.whl", hash = "sha256:174a8880739c16c925799c018f3f55b8130c1f7c8e75ab0a6fa9d41cab092fd6"},
    {file = "numpy-1.26.2-cp312-cp312-musllinux_1_1_x86_64.whl", hash = "sha256:f79b231bf5c16b1f39c7f4875e1ded36abee1591e98742b05d8a0fb55d8a3eec"},
    {file = "numpy-1.26.2-cp312-cp312-win32.whl", hash = "sha256:4a06263321dfd3598cacb252f51e521a8cb4b6df471bb12a7ee5cbab20ea9167"},
    {file = "numpy-1.26.2-cp312-cp312-win_amd64.whl", hash = "sha256:b04f5dc6b3efdaab541f7857351aac359e6ae3c126e2edb376929bd3b7f92d7e"},
    {file = "numpy-1.26.2-cp39-cp39-macosx_10_9_x86_64.whl", hash = "sha256:4eb8df4bf8d3d90d091e0146f6c28492b0be84da3e409ebef54349f71ed271ef"},
    {file = "numpy-1.26.2-cp39-cp39-macosx_11_0_arm64.whl", hash = "sha256:1a13860fdcd95de7cf58bd6f8bc5a5ef81c0b0625eb2c9a783948847abbef2c2"},
    {file = "numpy-1.26.2-cp39-cp39-manylinux_2_17_aarch64.manylinux2014_aarch64.whl", hash = "sha256:64308ebc366a8ed63fd0bf426b6a9468060962f1a4339ab1074c228fa6ade8e3"},
    {file = "numpy-1.26.2-cp39-cp39-manylinux_2_17_x86_64.manylinux2014_x86_64.whl", hash = "sha256:baf8aab04a2c0e859da118f0b38617e5ee65d75b83795055fb66c0d5e9e9b818"},
    {file = "numpy-1.26.2-cp39-cp39-musllinux_1_1_aarch64.whl", hash = "sha256:d73a3abcac238250091b11caef9ad12413dab01669511779bc9b29261dd50210"},
    {file = "numpy-1.26.2-cp39-cp39-musllinux_1_1_x86_64.whl", hash = "sha256:b361d369fc7e5e1714cf827b731ca32bff8d411212fccd29ad98ad622449cc36"},
    {file = "numpy-1.26.2-cp39-cp39-win32.whl", hash = "sha256:bd3f0091e845164a20bd5a326860c840fe2af79fa12e0469a12768a3ec578d80"},
    {file = "numpy-1.26.2-cp39-cp39-win_amd64.whl", hash = "sha256:2beef57fb031dcc0dc8fa4fe297a742027b954949cabb52a2a376c144e5e6060"},
    {file = "numpy-1.26.2-pp39-pypy39_pp73-macosx_10_9_x86_64.whl", hash = "sha256:1cc3d5029a30fb5f06704ad6b23b35e11309491c999838c31f124fee32107c79"},
    {file = "numpy-1.26.2-pp39-pypy39_pp73-manylinux_2_17_x86_64.manylinux2014_x86_64.whl", hash = "sha256:94cc3c222bb9fb5a12e334d0479b97bb2df446fbe622b470928f5284ffca3f8d"},
    {file = "numpy-1.26.2-pp39-pypy39_pp73-win_amd64.whl", hash = "sha256:fe6b44fb8fcdf7eda4ef4461b97b3f63c466b27ab151bec2366db8b197387841"},
    {file = "numpy-1.26.2.tar.gz", hash = "sha256:f65738447676ab5777f11e6bbbdb8ce11b785e105f690bc45966574816b6d3ea"},
]
pillow = [
    {file = "Pillow-10.1.0-cp310-cp310-macosx_10_10_x86_64.whl", hash = "sha256:1ab05f3db77e98f93964697c8efc49c7954b08dd61cff526b7f2531a22410106"},
    {file = "Pillow-10.1.0-cp310-cp310-macosx_11_0_arm64.whl", hash = "sha256:6932a7652464746fcb484f7fc3618e6503d2066d853f68a4bd97193a3996e273"},
    {file = "Pillow-10.1.0-cp310-cp310-manylinux_2_17_aarch64.manylinux2014_aarch64.whl", hash = "sha256:a5f63b5a68daedc54c7c3464508d8c12075e56dcfbd42f8c1bf40169061ae666"},
    {file = "Pillow-10.1.0-cp310-cp310-manylinux_2_17_x86_64.manylinux2014_x86_64.whl", hash = "sha256:c0949b55eb607898e28eaccb525ab104b2d86542a85c74baf3a6dc24002edec2"},
    {file = "Pillow-10.1.0-cp310-cp310-manylinux_2_28_aarch64.whl", hash = "sha256:ae88931f93214777c7a3aa0a8f92a683f83ecde27f65a45f95f22d289a69e593"},
    {file = "Pillow-10.1.0-cp310-cp310-manylinux_2_28_x86_64.whl", hash = "sha256:b0eb01ca85b2361b09480784a7931fc648ed8b7836f01fb9241141b968feb1db"},
    {file = "Pillow-10.1.0-cp310-cp310-musllinux_1_1_aarch64.whl", hash = "sha256:d27b5997bdd2eb9fb199982bb7eb6164db0426904020dc38c10203187ae2ff2f"},
    {file = "Pillow-10.1.0-cp310-cp310-musllinux_1_1_x86_64.whl", hash = "sha256:7df5608bc38bd37ef585ae9c38c9cd46d7c81498f086915b0f97255ea60c2818"},
    {file = "Pillow-10.1.0-cp310-cp310-win_amd64.whl", hash = "sha256:41f67248d92a5e0a2076d3517d8d4b1e41a97e2df10eb8f93106c89107f38b57"},
    {file = "Pillow-10.1.0-cp311-cp311-macosx_10_10_x86_64.whl", hash = "sha256:1fb29c07478e6c06a46b867e43b0bcdb241b44cc52be9bc25ce5944eed4648e7"},
    {file = "Pillow-10.1.0-cp311-cp311-macosx_11_0_arm64.whl", hash = "sha256:2cdc65a46e74514ce742c2013cd4a2d12e8553e3a2563c64879f7c7e4d28bce7"},
    {file = "Pillow-10.1.0-cp311-cp311-manylinux_2_17_aarch64.manylinux2014_aarch64.whl", hash = "sha256:50d08cd0a2ecd2a8657bd3d82c71efd5a58edb04d9308185d66c3a5a5bed9610"},
    {file = "Pillow-10.1.0-cp311-cp311-manylinux_2_17_x86_64.manylinux2014_x86_64.whl", hash = "sha256:062a1610e3bc258bff2328ec43f34244fcec972ee0717200cb1425214fe5b839"},
    {file = "Pillow-10.1.0-cp311-cp311-manylinux_2_28_aarch64.whl", hash = "sha256:61f1a9d247317fa08a308daaa8ee7b3f760ab1809ca2da14ecc88ae4257d6172"},
    {file = "Pillow-10.1.0-cp311-cp311-manylinux_2_28_x86_64.whl", hash = "sha256:a646e48de237d860c36e0db37ecaecaa3619e6f3e9d5319e527ccbc8151df061"},
    {file = "Pillow-10.1.0-cp311-cp311-musllinux_1_1_aarch64.whl", hash = "sha256:47e5bf85b80abc03be7455c95b6d6e4896a62f6541c1f2ce77a7d2bb832af262"},
    {file = "Pillow-10.1.0-cp311-cp311-musllinux_1_1_x86_64.whl", hash = "sha256:a92386125e9ee90381c3369f57a2a50fa9e6aa8b1cf1d9c4b200d41a7dd8e992"},
    {file = "Pillow-10.1.0-cp311-cp311-win_amd64.whl", hash = "sha256:0f7c276c05a9767e877a0b4c5050c8bee6a6d960d7f0c11ebda6b99746068c2a"},
    {file = "Pillow-10.1.0-cp312-cp312-macosx_10_10_x86_64.whl", hash = "sha256:a89b8312d51715b510a4fe9fc13686283f376cfd5abca8cd1c65e4c76e21081b"},
    {file = "Pillow-10.1.0-cp312-cp312-macosx_11_0_arm64.whl", hash = "sha256:00f438bb841382b15d7deb9a05cc946ee0f2c352653c7aa659e75e592f6fa17d"},
    {file = "Pillow-10.1.0-cp312-cp312-manylinux_2_17_aarch64.manylinux2014_aarch64.whl", hash = "sha256:3d929a19f5469b3f4df33a3df2983db070ebb2088a1e145e18facbc28cae5b27"},
    {file = "Pillow-10.1.0-cp312-cp312-manylinux_2_17_x86_64.manylinux2014_x86_64.whl", hash = "sha256:9a92109192b360634a4489c0c756364c0c3a2992906752165ecb50544c251312"},
    {file = "Pillow-10.1.0-cp312-cp312-manylinux_2_28_aarch64.whl", hash = "sha256:0248f86b3ea061e67817c47ecbe82c23f9dd5d5226200eb9090b3873d3ca32de"},
    {file = "Pillow-10.1.0-cp312-cp312-manylinux_2_28_x86_64.whl", hash = "sha256:9882a7451c680c12f232a422730f986a1fcd808da0fd428f08b671237237d651"},
    {file = "Pillow-10.1.0-cp312-cp312-musllinux_1_1_aarch64.whl", hash = "sha256:1c3ac5423c8c1da5928aa12c6e258921956757d976405e9467c5f39d1d577a4b"},
    {file = "Pillow-10.1.0-cp312-cp312-musllinux_1_1_x86_64.whl", hash = "sha256:806abdd8249ba3953c33742506fe414880bad78ac25cc9a9b1c6ae97bedd573f"},
    {file = "Pillow-10.1.0-cp312-cp312-win_amd64.whl", hash = "sha256:eaed6977fa73408b7b8a24e8b14e59e1668cfc0f4c40193ea7ced8e210adf996"},
    {file = "Pillow-10.1.0-cp38-cp38-macosx_10_10_x86_64.whl", hash = "sha256:fe1e26e1ffc38be097f0ba1d0d07fcade2bcfd1d023cda5b29935ae8052bd793"},
    {file = "Pillow-10.1.0-cp38-cp38-macosx_11_0_arm64.whl", hash = "sha256:7a7e3daa202beb61821c06d2517428e8e7c1aab08943e92ec9e5755c2fc9ba5e"},
    {file = "Pillow-10.1.0-cp38-cp38-manylinux_2_17_aarch64.manylinux2014_aarch64.whl", hash = "sha256:24fadc71218ad2b8ffe437b54876c9382b4a29e030a05a9879f615091f42ffc2"},
    {file = "Pillow-10.1.0-cp38-cp38-manylinux_2_17_x86_64.manylinux2014_x86_64.whl", hash = "sha256:fa1d323703cfdac2036af05191b969b910d8f115cf53093125e4058f62012c9a"},
    {file = "Pillow-10.1.0-cp38-cp38-manylinux_2_28_aarch64.whl", hash = "sha256:912e3812a1dbbc834da2b32299b124b5ddcb664ed354916fd1ed6f193f0e2d01"},
    {file = "Pillow-10.1.0-cp38-cp38-manylinux_2_28_x86_64.whl", hash = "sha256:7dbaa3c7de82ef37e7708521be41db5565004258ca76945ad74a8e998c30af8d"},
    {file = "Pillow-10.1.0-cp38-cp38-musllinux_1_1_aarch64.whl", hash = "sha256:9d7bc666bd8c5a4225e7ac71f2f9d12466ec555e89092728ea0f5c0c2422ea80"},
    {file = "Pillow-10.1.0-cp38-cp38-musllinux_1_1_x86_64.whl", hash = "sha256:baada14941c83079bf84c037e2d8b7506ce201e92e3d2fa0d1303507a8538212"},
    {file = "Pillow-10.1.0-cp38-cp38-win_amd64.whl", hash = "sha256:2ef6721c97894a7aa77723740a09547197533146fba8355e86d6d9a4a1056b14"},
    {file = "Pillow-10.1.0-cp39-cp39-macosx_10_10_x86_64.whl", hash = "sha256:0a026c188be3b443916179f5d04548092e253beb0c3e2ee0a4e2cdad72f66099"},
    {file = "Pillow-10.1.0-cp39-cp39-macosx_11_0_arm64.whl", hash = "sha256:04f6f6149f266a100374ca3cc368b67fb27c4af9f1cc8cb6306d849dcdf12616"},
    {file = "Pillow-10.1.0-cp39-cp39-manylinux_2_17_aarch64.manylinux2014_aarch64.whl", hash = "sha256:bb40c011447712d2e19cc261c82655f75f32cb724788df315ed992a4d65696bb"},
    {file = "Pillow-10.1.0-cp39-cp39-manylinux_2_17_x86_64.manylinux2014_x86_64.whl", hash = "sha256:1a8413794b4ad9719346cd9306118450b7b00d9a15846451549314a58ac42219"},
    {file = "Pillow-10.1.0-cp39-cp39-manylinux_2_28_aarch64.whl", hash = "sha256:c9aeea7b63edb7884b031a35305629a7593272b54f429a9869a4f63a1bf04c34"},
    {file = "Pillow-10.1.0-cp39-cp39-manylinux_2_28_x86_64.whl", hash = "sha256:b4005fee46ed9be0b8fb42be0c20e79411533d1fd58edabebc0dd24626882cfd"},
    {file = "Pillow-10.1.0-cp39-cp39-musllinux_1_1_aarch64.whl", hash = "sha256:4d0152565c6aa6ebbfb1e5d8624140a440f2b99bf7afaafbdbf6430426497f28"},
    {file = "Pillow-10.1.0-cp39-cp39-musllinux_1_1_x86_64.whl", hash = "sha256:d921bc90b1defa55c9917ca6b6b71430e4286fc9e44c55ead78ca1a9f9eba5f2"},
    {file = "Pillow-10.1.0-cp39-cp39-win_amd64.whl", hash = "sha256:cfe96560c6ce2f4c07d6647af2d0f3c54cc33289894ebd88cfbb3bcd5391e256"},
    {file = "Pillow-10.1.0-pp310-pypy310_pp73-macosx_10_10_x86_64.whl", hash = "sha256:937bdc5a7f5343d1c97dc98149a0be7eb9704e937fe3dc7140e229ae4fc572a7"},
    {file = "Pillow-10.1.0-pp310-pypy310_pp73-manylinux_2_17_x86_64.manylinux2014_x86_64.whl", hash = "sha256:b1c25762197144e211efb5f4e8ad656f36c8d214d390585d1d21281f46d556ba"},
    {file = "Pillow-10.1.0-pp310-pypy310_pp73-manylinux_2_28_x86_64.whl", hash = "sha256:afc8eef765d948543a4775f00b7b8c079b3321d6b675dde0d02afa2ee23000b4"},
    {file = "Pillow-10.1.0-pp310-pypy310_pp73-win_amd64.whl", hash = "sha256:883f216eac8712b83a63f41b76ddfb7b2afab1b74abbb413c5df6680f071a6b9"},
    {file = "Pillow-10.1.0-pp39-pypy39_pp73-macosx_10_10_x86_64.whl", hash = "sha256:b920e4d028f6442bea9a75b7491c063f0b9a3972520731ed26c83e254302eb1e"},
    {file = "Pillow-10.1.0-pp39-pypy39_pp73-manylinux_2_17_x86_64.manylinux2014_x86_64.whl", hash = "sha256:1c41d960babf951e01a49c9746f92c5a7e0d939d1652d7ba30f6b3090f27e412"},
    {file = "Pillow-10.1.0-pp39-pypy39_pp73-manylinux_2_28_x86_64.whl", hash = "sha256:1fafabe50a6977ac70dfe829b2d5735fd54e190ab55259ec8aea4aaea412fa0b"},
    {file = "Pillow-10.1.0-pp39-pypy39_pp73-win_amd64.whl", hash = "sha256:3b834f4b16173e5b92ab6566f0473bfb09f939ba14b23b8da1f54fa63e4b623f"},
    {file = "Pillow-10.1.0.tar.gz", hash = "sha256:e6bf8de6c36ed96c86ea3b6e1d5273c53f46ef518a062464cd7ef5dd2cf92e38"},
]
plyfile = [
    {file = "plyfile-1.0.2-py3-none-any.whl", hash = "sha256:41562e22c6e4ec045227ea753f30a59a28a81766d9e420696b4862480b96e529"},
    {file = "plyfile-1.0.2.tar.gz", hash = "sha256:446691cfc8a453b8a0c6c394c42a7a28262da94ec2d12fa4d30998f78e8b1313"},
]
pygments = [
    {file = "pygments-2.17.2-py3-none-any.whl", hash = "sha256:b27c2826c47d0f3219f29554824c30c5e8945175d888647acd804ddd04af846c"},
    {file = "pygments-2.17.2.tar.gz", hash = "sha256:da46cec9fd2de5be3a8a784f434e4c4ab670b4ff54d605c4c2717e9d49c4c367"},
]
rich = [
    {file = "rich-13.7.0-py3-none-any.whl", hash = "sha256:6da14c108c4866ee9520bbffa71f6fe3962e193b7da68720583850cd4548e235"},
    {file = "rich-13.7.0.tar.gz", hash = "sha256:5cb5123b5cf9ee70584244246816e9114227e0b98ad9176eede6ad54bf5403fa"},
]
sourceinspect = [
    {file = "sourceinspect-0.0.4-py3-none-any.whl", hash = "sha256:a33fabe25dfced4ed949ceb3312824579456a1faa0ae85b6a78887775c4bb4b9"},
]
taichi = [
    {file = "taichi-1.1.0-cp310-cp310-macosx_10_14_x86_64.whl", hash = "sha256:6b490f191790a22a0dcdc73268867d09f62ac9019a4342d5084f6245d2f5f5fe"},
    {file = "taichi-1.1.0-cp310-cp310-macosx_10_15_x86_64.whl", hash = "sha256:ebc2fe7a3f62623c723de29225729ec8a7c43d64e0a0489fbe699bd4a58be590"},
    {file = "taichi-1.1.0-cp310-cp310-macosx_11_0_arm64.whl", hash = "sha256:b9ff7ba4e25a00cdf234030557cfae98aa5c8911a11db418a8193afc3ecd31b6"},
    {file = "taichi-1.1.0-cp310-cp310-manylinux2014_x86_64.whl", hash = "sha256:9285d555b52499d5ef3845842b59c40b355a712df1f14b55e45afbeaacdf8e7d"},
    {file = "taichi-1.1.0-cp310-cp310-manylinux_2_27_x86_64.whl", hash = "sha256:9ebaf54862728fe69a104ecf953d01244ed46508076e040716d73c6297e4cd6d"},
    {file = "taichi-1.1.0-cp310-cp310-win_amd64.whl", hash = "sha256:61d888393ee7a9012042ab817a1243706452e12ea44baf1c2a0660c811f5bda2"},
    {file = "taichi-1.1.0-cp37-cp37m-macosx_10_14_x86_64.whl", hash = "sha256:b340310269696bbf8c2e8d7a63dae039a671e862c0e269fb4b533a7ace4e4666"},
    {file = "taichi-1.1.0-cp37-cp37m-macosx_10_15_x86_64.whl", hash = "sha256:aabef5b4f9917269e6368257aba91f3db50fc5834673a44d3c08320db4507b75"},
    {file = "taichi-1.1.0-cp37-cp37m-manylinux2014_x86_64.whl", hash = "sha256:718b932b0bcb302e62c99a734eb995f06244b1b974a92f5009347c4bcf16d61b"},
    {file = "taichi-1.1.0-cp37-cp37m-manylinux_2_27_x86_64.whl", hash = "sha256:6a97db1f4d0f811801b2eff6f92ef9f0b268d7b18b5afff961014c515fa392db"},
    {file = "taichi-1.1.0-cp37-cp37m-win_amd64.whl", hash = "sha256:38ae9ea50ecb05631c6b82bae41afdaf86b47447e4ca9d5164f09b3cb6c25e6c"},
    {file = "taichi-1.1.0-cp38-cp38-macosx_10_14_x86_64.whl", hash = "sha256:fd25fffbf13e7c05bc007a06b76bf59eefc4a23ee74ac37d4ce80abc048850f5"},
    {file = "taichi-1.1.0-cp38-cp38-macosx_10_15_x86_64.whl", hash = "sha256:2878c395f703825d6b871729813c267cb25bdfd16b1723a89122e2d74b529984"},
    {file = "taichi-1.1.0-cp38-cp38-macosx_11_0_arm64.whl", hash = "sha256:8e6b5616af97d8ed2f89cca0f9d4d9124a9028b8785ddd52fbcd08928d5edcf7"},
    {file = "taichi-1.1.0-cp38-cp38-manylinux2014_x86_64.whl", hash = "sha256:6d2569b262b3bc6f3c54f7daff83dcd953a49d8d20a430283b7b83a849020a0d"},
    {file = "taichi-1.1.0-cp38-cp38-manylinux_2_27_x86_64.whl", hash = "sha256:00a8ec37ed6d306fc775a13405929f4dcf981b5798c174ec0611621c7cc6885c"},
    {file = "taichi-1.1.0-cp38-cp38-win_amd64.whl", hash = "sha256:231f763890704658d421ac3bd4976f07606d0486ef5a88239f2600fc39b1155b"},
    {file = "taichi-1.1.0-cp39-cp39-macosx_10_14_x86_64.whl", hash = "sha256:04ea87844e5fcb782e7349a36b8ad25112709fe9e3fab68436e33d159a8f0d13"},
    {file = "taichi-1.1.0-cp39-cp39-macosx_10_15_x86_64.whl", hash = "sha256:3137ced827007c83e4c3fd021539faea75d093f9d2b441a8edb2724717bbe3e8"},
    {file = "taichi-1.1.0-cp39-cp39-macosx_11_0_arm64.whl", hash = "sha256:a3feaf748627a7869f236d0bee7e765a1b3faccd3e8b58dbd3eb9b31386eb41c"},
    {file = "taichi-1.1.0-cp39-cp39-manylinux2014_x86_64.whl", hash = "sha256:a2566aac0982b03a4c3a09eaad93a47df805eb817076a4e956ef66dd0f1e2216"},
    {file = "taichi-1.1.0-cp39-cp39-manylinux_2_27_x86_64.whl", hash = "sha256:8f709589f3189845fd433bc7336863e68c47eabafdc844e27cf5654d0b88116a"},
    {file = "taichi-1.1.0-cp39-cp39-win_amd64.whl", hash = "sha256:cab4fb850b17cf8ce971caab664ac40a25c0cb67960ac7834ec6246ace0c9247"},
]
